
Microsoft Visual Studio Solution File, Format Version 12.00
# Visual Studio Version 17
VisualStudioVersion = 17.7.34031.279
MinimumVisualStudioVersion = 10.0.40219.1
Project("{FAE04EC0-301F-11D3-BF4B-00C04F79EFBC}") = "MyCompanyAPI", "MyCompanyAPI\MyCompanyAPI.csproj", "{9021C02F-B84C-47C7-B75A-4AF830019840}"
EndProject
Global
	GlobalSection(SolutionConfigurationPlatforms) = preSolution
		Debug|Any CPU = Debug|Any CPU
		Release|Any CPU = Release|Any CPU
	EndGlobalSection
	GlobalSection(ProjectConfigurationPlatforms) = postSolution
		{9021C02F-B84C-47C7-B75A-4AF830019840}.Debug|Any CPU.ActiveCfg = Debug|Any CPU
		{9021C02F-B84C-47C7-B75A-4AF830019840}.Debug|Any CPU.Build.0 = Debug|Any CPU
		{9021C02F-B84C-47C7-B75A-4AF830019840}.Release|Any CPU.ActiveCfg = Release|Any CPU
		{9021C02F-B84C-47C7-B75A-4AF830019840}.Release|Any CPU.Build.0 = Release|Any CPU
	EndGlobalSection
	GlobalSection(SolutionProperties) = preSolution
		HideSolutionNode = FALSE
	EndGlobalSection
	GlobalSection(ExtensibilityGlobals) = postSolution
		SolutionGuid = {FEA50AC1-EB11-4567-ACC4-21A0820C05EC}
	EndGlobalSection
EndGlobal
